
Microsoft Visual Studio Solution File, Format Version 11.00
# Visual Studio 2010
Project("{FAE04EC0-301F-11D3-BF4B-00C04F79EFBC}") = "BalanceSheetUtility", "BalanceSheetUtility\BalanceSheetUtility.csproj", "{B608E53D-B590-40A9-A1EE-689FE9C1D299}"
EndProject
Global
	GlobalSection(SolutionConfigurationPlatforms) = preSolution
		Debug|x86 = Debug|x86
		Release|x86 = Release|x86
	EndGlobalSection
	GlobalSection(ProjectConfigurationPlatforms) = postSolution
		{B608E53D-B590-40A9-A1EE-689FE9C1D299}.Debug|x86.ActiveCfg = Debug|x86
		{B608E53D-B590-40A9-A1EE-689FE9C1D299}.Debug|x86.Build.0 = Debug|x86
		{B608E53D-B590-40A9-A1EE-689FE9C1D299}.Release|x86.ActiveCfg = Release|x86
		{B608E53D-B590-40A9-A1EE-689FE9C1D299}.Release|x86.Build.0 = Release|x86
	EndGlobalSection
	GlobalSection(SolutionProperties) = preSolution
		HideSolutionNode = FALSE
	EndGlobalSection
EndGlobal
